
Microsoft Visual Studio Solution File, Format Version 12.00
# Visual Studio Version 17
VisualStudioVersion = 17.3.32819.101
MinimumVisualStudioVersion = 10.0.40219.1
Project("{FAE04EC0-301F-11D3-BF4B-00C04F79EFBC}") = "Laba 1", "Laba 1\Laba 1.csproj", "{13B2CDDC-DAB0-445A-9887-4080F1444C9B}"
EndProject
Global
	GlobalSection(SolutionConfigurationPlatforms) = preSolution
		Debug|Any CPU = Debug|Any CPU
		Release|Any CPU = Release|Any CPU
	EndGlobalSection
	GlobalSection(ProjectConfigurationPlatforms) = postSolution
		{13B2CDDC-DAB0-445A-9887-4080F1444C9B}.Debug|Any CPU.ActiveCfg = Debug|Any CPU
		{13B2CDDC-DAB0-445A-9887-4080F1444C9B}.Debug|Any CPU.Build.0 = Debug|Any CPU
		{13B2CDDC-DAB0-445A-9887-4080F1444C9B}.Release|Any CPU.ActiveCfg = Release|Any CPU
		{13B2CDDC-DAB0-445A-9887-4080F1444C9B}.Release|Any CPU.Build.0 = Release|Any CPU
	EndGlobalSection
	GlobalSection(SolutionProperties) = preSolution
		HideSolutionNode = FALSE
	EndGlobalSection
	GlobalSection(ExtensibilityGlobals) = postSolution
		SolutionGuid = {A417F2D3-5614-4C04-9A46-DA148C36F726}
	EndGlobalSection
EndGlobal
